{
  "name": "hashing",
  "version": "1.0.0",
  "lockfileVersion": 2,
  "requires": true,
  "packages": {
    "": {
      "name": "hashing",
      "version": "1.0.0",
      "license": "ISC",
      "dependencies": {
        "crypto-js": "^3.1.9-1",
        "crypto.js": "^2.0.5"
      }
    },
    "node_modules/crypto-js": {
      "version": "3.3.0",
      "resolved": "https://registry.npmjs.org/crypto-js/-/crypto-js-3.3.0.tgz",
      "integrity": "sha512-DIT51nX0dCfKltpRiXV+/TVZq+Qq2NgF4644+K7Ttnla7zEzqc+kjJyiB96BHNyUTBxyjzRcZYpUdZa+QAqi6Q=="
    },
    "node_modules/crypto.js": {
      "version": "2.0.5",
      "resolved": "https://registry.npmjs.org/crypto.js/-/crypto.js-2.0.5.tgz",
      "integrity": "sha512-ZCBe4d4Yvs/TqPgzc9tIy2FhAFJ+gK5a8eteFGCeaNW9DNHmzB8cBty7i+CBpZloi89DXJ5Vx+NHFEFrz6XUQg=="
    }
  },
  "dependencies": {
    "crypto-js": {
      "version": "3.3.0",
      "resolved": "https://registry.npmjs.org/crypto-js/-/crypto-js-3.3.0.tgz",
      "integrity": "sha512-DIT51nX0dCfKltpRiXV+/TVZq+Qq2NgF4644+K7Ttnla7zEzqc+kjJyiB96BHNyUTBxyjzRcZYpUdZa+QAqi6Q=="
    },
    "crypto.js": {
      "version": "2.0.5",
      "resolved": "https://registry.npmjs.org/crypto.js/-/crypto.js-2.0.5.tgz",
      "integrity": "sha512-ZCBe4d4Yvs/TqPgzc9tIy2FhAFJ+gK5a8eteFGCeaNW9DNHmzB8cBty7i+CBpZloi89DXJ5Vx+NHFEFrz6XUQg=="
    }
  }
}
